
Microsoft Visual Studio Solution File, Format Version 12.00
# Visual Studio Version 17
VisualStudioVersion = 17.8.34511.84
MinimumVisualStudioVersion = 10.0.40219.1
Project("{FAE04EC0-301F-11D3-BF4B-00C04F79EFBC}") = "KvizJatek", "KvizJatek.csproj", "{37CC3559-420C-4796-BDA4-2405501EC459}"
EndProject
Global
	GlobalSection(SolutionConfigurationPlatforms) = preSolution
		Debug|Any CPU = Debug|Any CPU
		Release|Any CPU = Release|Any CPU
	EndGlobalSection
	GlobalSection(ProjectConfigurationPlatforms) = postSolution
		{37CC3559-420C-4796-BDA4-2405501EC459}.Debug|Any CPU.ActiveCfg = Debug|Any CPU
		{37CC3559-420C-4796-BDA4-2405501EC459}.Debug|Any CPU.Build.0 = Debug|Any CPU
		{37CC3559-420C-4796-BDA4-2405501EC459}.Release|Any CPU.ActiveCfg = Release|Any CPU
		{37CC3559-420C-4796-BDA4-2405501EC459}.Release|Any CPU.Build.0 = Release|Any CPU
	EndGlobalSection
	GlobalSection(SolutionProperties) = preSolution
		HideSolutionNode = FALSE
	EndGlobalSection
	GlobalSection(ExtensibilityGlobals) = postSolution
		SolutionGuid = {FA73B20F-3964-413D-875D-621C8B98D49D}
	EndGlobalSection
EndGlobal
